
Microsoft Visual Studio Solution File, Format Version 12.00
# Visual Studio Version 16
VisualStudioVersion = 16.0.30907.101
MinimumVisualStudioVersion = 10.0.40219.1
Project("{FAE04EC0-301F-11D3-BF4B-00C04F79EFBC}") = "ZeraSystems.CodeNanite.Cshtml", "ZeraSystems.CodeNanite.Cshtml.csproj", "{A5A2355B-8873-48A1-A35F-F08F3C0ECC59}"
EndProject
Global
	GlobalSection(SolutionConfigurationPlatforms) = preSolution
		Debug|Any CPU = Debug|Any CPU
		Release|Any CPU = Release|Any CPU
	EndGlobalSection
	GlobalSection(ProjectConfigurationPlatforms) = postSolution
		{A5A2355B-8873-48A1-A35F-F08F3C0ECC59}.Debug|Any CPU.ActiveCfg = Debug|Any CPU
		{A5A2355B-8873-48A1-A35F-F08F3C0ECC59}.Debug|Any CPU.Build.0 = Debug|Any CPU
		{A5A2355B-8873-48A1-A35F-F08F3C0ECC59}.Release|Any CPU.ActiveCfg = Release|Any CPU
		{A5A2355B-8873-48A1-A35F-F08F3C0ECC59}.Release|Any CPU.Build.0 = Release|Any CPU
	EndGlobalSection
	GlobalSection(SolutionProperties) = preSolution
		HideSolutionNode = FALSE
	EndGlobalSection
	GlobalSection(ExtensibilityGlobals) = postSolution
		SolutionGuid = {A50D6308-3FF9-47A0-9089-4C7B75D2D6BE}
	EndGlobalSection
EndGlobal
